
Microsoft Visual Studio Solution File, Format Version 12.00
# Visual Studio Version 16
VisualStudioVersion = 16.0.30204.135
MinimumVisualStudioVersion = 10.0.40219.1
Project("{FAE04EC0-301F-11D3-BF4B-00C04F79EFBC}") = "MyDemo", "MyDemo\MyDemo.csproj", "{3796676E-F072-4A7E-BD8E-4E5E3B97CAEC}"
EndProject
Project("{9A19103F-16F7-4668-BE54-9A1E7A4F7556}") = "MyWebApi", "MyWebApi\MyWebApi.csproj", "{DCA9EE61-9174-4B53-B933-B8C2C361A110}"
EndProject
Project("{FAE04EC0-301F-11D3-BF4B-00C04F79EFBC}") = "MyPrismDemo", "MyPrismDemo\MyPrismDemo.csproj", "{2645B260-77C5-4B4D-A2AA-1CC03C634503}"
EndProject
Project("{FAE04EC0-301F-11D3-BF4B-00C04F79EFBC}") = "MyWPFControl", "MyWPFControl\MyWPFControl.csproj", "{07BDFB98-2561-4114-A5B6-3CEFC1C7BAEC}"
EndProject
Project("{9A19103F-16F7-4668-BE54-9A1E7A4F7556}") = "MyTool", "MyTool\MyTool.csproj", "{3A7A0827-E85E-42B6-AE3E-310BE37A3149}"
EndProject
Project("{9A19103F-16F7-4668-BE54-9A1E7A4F7556}") = "MyEFCoreDemo", "MyEFCoreDemo\MyEFCoreDemo.csproj", "{E6F64FE5-CBD2-497C-82CD-D2727DF38217}"
EndProject
Project("{9A19103F-16F7-4668-BE54-9A1E7A4F7556}") = "MyLinqDemo", "MyLinqDemo\MyLinqDemo.csproj", "{57FB588D-5B26-4D58-8821-784DC8EEB975}"
EndProject
Project("{9A19103F-16F7-4668-BE54-9A1E7A4F7556}") = "MyWPFApp", "MyWPFApp\MyWPFApp.csproj", "{B2D8A184-5D65-46E8-9DED-E4A0991136C5}"
EndProject
Project("{FAE04EC0-301F-11D3-BF4B-00C04F79EFBC}") = "MyUnityDemo", "MyUnityDemo\MyUnityDemo.csproj", "{AEE3EF9C-0504-403B-B4DD-4A64554310B4}"
EndProject
Global
	GlobalSection(SolutionConfigurationPlatforms) = preSolution
		Debug|Any CPU = Debug|Any CPU
		Debug|x64 = Debug|x64
		Debug|x86 = Debug|x86
		Release|Any CPU = Release|Any CPU
		Release|x64 = Release|x64
		Release|x86 = Release|x86
	EndGlobalSection
	GlobalSection(ProjectConfigurationPlatforms) = postSolution
		{3796676E-F072-4A7E-BD8E-4E5E3B97CAEC}.Debug|Any CPU.ActiveCfg = Debug|Any CPU
		{3796676E-F072-4A7E-BD8E-4E5E3B97CAEC}.Debug|Any CPU.Build.0 = Debug|Any CPU
		{3796676E-F072-4A7E-BD8E-4E5E3B97CAEC}.Debug|x64.ActiveCfg = Debug|x64
		{3796676E-F072-4A7E-BD8E-4E5E3B97CAEC}.Debug|x64.Build.0 = Debug|x64
		{3796676E-F072-4A7E-BD8E-4E5E3B97CAEC}.Debug|x86.ActiveCfg = Debug|x86
		{3796676E-F072-4A7E-BD8E-4E5E3B97CAEC}.Debug|x86.Build.0 = Debug|x86
		{3796676E-F072-4A7E-BD8E-4E5E3B97CAEC}.Release|Any CPU.ActiveCfg = Release|Any CPU
		{3796676E-F072-4A7E-BD8E-4E5E3B97CAEC}.Release|Any CPU.Build.0 = Release|Any CPU
		{3796676E-F072-4A7E-BD8E-4E5E3B97CAEC}.Release|x64.ActiveCfg = Release|x64
		{3796676E-F072-4A7E-BD8E-4E5E3B97CAEC}.Release|x64.Build.0 = Release|x64
		{3796676E-F072-4A7E-BD8E-4E5E3B97CAEC}.Release|x86.ActiveCfg = Release|x86
		{3796676E-F072-4A7E-BD8E-4E5E3B97CAEC}.Release|x86.Build.0 = Release|x86
		{DCA9EE61-9174-4B53-B933-B8C2C361A110}.Debug|Any CPU.ActiveCfg = Debug|Any CPU
		{DCA9EE61-9174-4B53-B933-B8C2C361A110}.Debug|Any CPU.Build.0 = Debug|Any CPU
		{DCA9EE61-9174-4B53-B933-B8C2C361A110}.Debug|x64.ActiveCfg = Debug|x64
		{DCA9EE61-9174-4B53-B933-B8C2C361A110}.Debug|x64.Build.0 = Debug|x64
		{DCA9EE61-9174-4B53-B933-B8C2C361A110}.Debug|x86.ActiveCfg = Debug|x86
		{DCA9EE61-9174-4B53-B933-B8C2C361A110}.Debug|x86.Build.0 = Debug|x86
		{DCA9EE61-9174-4B53-B933-B8C2C361A110}.Release|Any CPU.ActiveCfg = Release|Any CPU
		{DCA9EE61-9174-4B53-B933-B8C2C361A110}.Release|Any CPU.Build.0 = Release|Any CPU
		{DCA9EE61-9174-4B53-B933-B8C2C361A110}.Release|x64.ActiveCfg = Release|x64
		{DCA9EE61-9174-4B53-B933-B8C2C361A110}.Release|x64.Build.0 = Release|x64
		{DCA9EE61-9174-4B53-B933-B8C2C361A110}.Release|x86.ActiveCfg = Release|x86
		{DCA9EE61-9174-4B53-B933-B8C2C361A110}.Release|x86.Build.0 = Release|x86
		{2645B260-77C5-4B4D-A2AA-1CC03C634503}.Debug|Any CPU.ActiveCfg = Debug|Any CPU
		{2645B260-77C5-4B4D-A2AA-1CC03C634503}.Debug|Any CPU.Build.0 = Debug|Any CPU
		{2645B260-77C5-4B4D-A2AA-1CC03C634503}.Debug|x64.ActiveCfg = Debug|x64
		{2645B260-77C5-4B4D-A2AA-1CC03C634503}.Debug|x64.Build.0 = Debug|x64
		{2645B260-77C5-4B4D-A2AA-1CC03C634503}.Debug|x86.ActiveCfg = Debug|x86
		{2645B260-77C5-4B4D-A2AA-1CC03C634503}.Debug|x86.Build.0 = Debug|x86
		{2645B260-77C5-4B4D-A2AA-1CC03C634503}.Release|Any CPU.ActiveCfg = Release|Any CPU
		{2645B260-77C5-4B4D-A2AA-1CC03C634503}.Release|Any CPU.Build.0 = Release|Any CPU
		{2645B260-77C5-4B4D-A2AA-1CC03C634503}.Release|x64.ActiveCfg = Release|x64
		{2645B260-77C5-4B4D-A2AA-1CC03C634503}.Release|x64.Build.0 = Release|x64
		{2645B260-77C5-4B4D-A2AA-1CC03C634503}.Release|x86.ActiveCfg = Release|x86
		{2645B260-77C5-4B4D-A2AA-1CC03C634503}.Release|x86.Build.0 = Release|x86
		{07BDFB98-2561-4114-A5B6-3CEFC1C7BAEC}.Debug|Any CPU.ActiveCfg = Debug|Any CPU
		{07BDFB98-2561-4114-A5B6-3CEFC1C7BAEC}.Debug|Any CPU.Build.0 = Debug|Any CPU
		{07BDFB98-2561-4114-A5B6-3CEFC1C7BAEC}.Debug|x64.ActiveCfg = Debug|x64
		{07BDFB98-2561-4114-A5B6-3CEFC1C7BAEC}.Debug|x64.Build.0 = Debug|x64
		{07BDFB98-2561-4114-A5B6-3CEFC1C7BAEC}.Debug|x86.ActiveCfg = Debug|x86
		{07BDFB98-2561-4114-A5B6-3CEFC1C7BAEC}.Debug|x86.Build.0 = Debug|x86
		{07BDFB98-2561-4114-A5B6-3CEFC1C7BAEC}.Release|Any CPU.ActiveCfg = Release|Any CPU
		{07BDFB98-2561-4114-A5B6-3CEFC1C7BAEC}.Release|Any CPU.Build.0 = Release|Any CPU
		{07BDFB98-2561-4114-A5B6-3CEFC1C7BAEC}.Release|x64.ActiveCfg = Release|x64
		{07BDFB98-2561-4114-A5B6-3CEFC1C7BAEC}.Release|x64.Build.0 = Release|x64
		{07BDFB98-2561-4114-A5B6-3CEFC1C7BAEC}.Release|x86.ActiveCfg = Release|x86
		{07BDFB98-2561-4114-A5B6-3CEFC1C7BAEC}.Release|x86.Build.0 = Release|x86
		{3A7A0827-E85E-42B6-AE3E-310BE37A3149}.Debug|Any CPU.ActiveCfg = Debug|Any CPU
		{3A7A0827-E85E-42B6-AE3E-310BE37A3149}.Debug|Any CPU.Build.0 = Debug|Any CPU
		{3A7A0827-E85E-42B6-AE3E-310BE37A3149}.Debug|x64.ActiveCfg = Debug|x64
		{3A7A0827-E85E-42B6-AE3E-310BE37A3149}.Debug|x64.Build.0 = Debug|x64
		{3A7A0827-E85E-42B6-AE3E-310BE37A3149}.Debug|x86.ActiveCfg = Debug|x86
		{3A7A0827-E85E-42B6-AE3E-310BE37A3149}.Debug|x86.Build.0 = Debug|x86
		{3A7A0827-E85E-42B6-AE3E-310BE37A3149}.Release|Any CPU.ActiveCfg = Release|Any CPU
		{3A7A0827-E85E-42B6-AE3E-310BE37A3149}.Release|Any CPU.Build.0 = Release|Any CPU
		{3A7A0827-E85E-42B6-AE3E-310BE37A3149}.Release|x64.ActiveCfg = Release|x64
		{3A7A0827-E85E-42B6-AE3E-310BE37A3149}.Release|x64.Build.0 = Release|x64
		{3A7A0827-E85E-42B6-AE3E-310BE37A3149}.Release|x86.ActiveCfg = Release|x86
		{3A7A0827-E85E-42B6-AE3E-310BE37A3149}.Release|x86.Build.0 = Release|x86
		{E6F64FE5-CBD2-497C-82CD-D2727DF38217}.Debug|Any CPU.ActiveCfg = Debug|Any CPU
		{E6F64FE5-CBD2-497C-82CD-D2727DF38217}.Debug|Any CPU.Build.0 = Debug|Any CPU
		{E6F64FE5-CBD2-497C-82CD-D2727DF38217}.Debug|x64.ActiveCfg = Debug|x64
		{E6F64FE5-CBD2-497C-82CD-D2727DF38217}.Debug|x64.Build.0 = Debug|x64
		{E6F64FE5-CBD2-497C-82CD-D2727DF38217}.Debug|x86.ActiveCfg = Debug|x86
		{E6F64FE5-CBD2-497C-82CD-D2727DF38217}.Debug|x86.Build.0 = Debug|x86
		{E6F64FE5-CBD2-497C-82CD-D2727DF38217}.Release|Any CPU.ActiveCfg = Release|Any CPU
		{E6F64FE5-CBD2-497C-82CD-D2727DF38217}.Release|Any CPU.Build.0 = Release|Any CPU
		{E6F64FE5-CBD2-497C-82CD-D2727DF38217}.Release|x64.ActiveCfg = Release|x64
		{E6F64FE5-CBD2-497C-82CD-D2727DF38217}.Release|x64.Build.0 = Release|x64
		{E6F64FE5-CBD2-497C-82CD-D2727DF38217}.Release|x86.ActiveCfg = Release|x86
		{E6F64FE5-CBD2-497C-82CD-D2727DF38217}.Release|x86.Build.0 = Release|x86
		{57FB588D-5B26-4D58-8821-784DC8EEB975}.Debug|Any CPU.ActiveCfg = Debug|Any CPU
		{57FB588D-5B26-4D58-8821-784DC8EEB975}.Debug|Any CPU.Build.0 = Debug|Any CPU
		{57FB588D-5B26-4D58-8821-784DC8EEB975}.Debug|x64.ActiveCfg = Debug|x64
		{57FB588D-5B26-4D58-8821-784DC8EEB975}.Debug|x64.Build.0 = Debug|x64
		{57FB588D-5B26-4D58-8821-784DC8EEB975}.Debug|x86.ActiveCfg = Debug|x86
		{57FB588D-5B26-4D58-8821-784DC8EEB975}.Debug|x86.Build.0 = Debug|x86
		{57FB588D-5B26-4D58-8821-784DC8EEB975}.Release|Any CPU.ActiveCfg = Release|Any CPU
		{57FB588D-5B26-4D58-8821-784DC8EEB975}.Release|Any CPU.Build.0 = Release|Any CPU
		{57FB588D-5B26-4D58-8821-784DC8EEB975}.Release|x64.ActiveCfg = Release|x64
		{57FB588D-5B26-4D58-8821-784DC8EEB975}.Release|x64.Build.0 = Release|x64
		{57FB588D-5B26-4D58-8821-784DC8EEB975}.Release|x86.ActiveCfg = Release|x86
		{57FB588D-5B26-4D58-8821-784DC8EEB975}.Release|x86.Build.0 = Release|x86
		{B2D8A184-5D65-46E8-9DED-E4A0991136C5}.Debug|Any CPU.ActiveCfg = Debug|Any CPU
		{B2D8A184-5D65-46E8-9DED-E4A0991136C5}.Debug|Any CPU.Build.0 = Debug|Any CPU
		{B2D8A184-5D65-46E8-9DED-E4A0991136C5}.Debug|x64.ActiveCfg = Debug|Any CPU
		{B2D8A184-5D65-46E8-9DED-E4A0991136C5}.Debug|x64.Build.0 = Debug|Any CPU
		{B2D8A184-5D65-46E8-9DED-E4A0991136C5}.Debug|x86.ActiveCfg = Debug|Any CPU
		{B2D8A184-5D65-46E8-9DED-E4A0991136C5}.Debug|x86.Build.0 = Debug|Any CPU
		{B2D8A184-5D65-46E8-9DED-E4A0991136C5}.Release|Any CPU.ActiveCfg = Release|Any CPU
		{B2D8A184-5D65-46E8-9DED-E4A0991136C5}.Release|Any CPU.Build.0 = Release|Any CPU
		{B2D8A184-5D65-46E8-9DED-E4A0991136C5}.Release|x64.ActiveCfg = Release|Any CPU
		{B2D8A184-5D65-46E8-9DED-E4A0991136C5}.Release|x64.Build.0 = Release|Any CPU
		{B2D8A184-5D65-46E8-9DED-E4A0991136C5}.Release|x86.ActiveCfg = Release|Any CPU
		{B2D8A184-5D65-46E8-9DED-E4A0991136C5}.Release|x86.Build.0 = Release|Any CPU
		{AEE3EF9C-0504-403B-B4DD-4A64554310B4}.Debug|Any CPU.ActiveCfg = Debug|Any CPU
		{AEE3EF9C-0504-403B-B4DD-4A64554310B4}.Debug|Any CPU.Build.0 = Debug|Any CPU
		{AEE3EF9C-0504-403B-B4DD-4A64554310B4}.Debug|x64.ActiveCfg = Debug|Any CPU
		{AEE3EF9C-0504-403B-B4DD-4A64554310B4}.Debug|x64.Build.0 = Debug|Any CPU
		{AEE3EF9C-0504-403B-B4DD-4A64554310B4}.Debug|x86.ActiveCfg = Debug|Any CPU
		{AEE3EF9C-0504-403B-B4DD-4A64554310B4}.Debug|x86.Build.0 = Debug|Any CPU
		{AEE3EF9C-0504-403B-B4DD-4A64554310B4}.Release|Any CPU.ActiveCfg = Release|Any CPU
		{AEE3EF9C-0504-403B-B4DD-4A64554310B4}.Release|Any CPU.Build.0 = Release|Any CPU
		{AEE3EF9C-0504-403B-B4DD-4A64554310B4}.Release|x64.ActiveCfg = Release|Any CPU
		{AEE3EF9C-0504-403B-B4DD-4A64554310B4}.Release|x64.Build.0 = Release|Any CPU
		{AEE3EF9C-0504-403B-B4DD-4A64554310B4}.Release|x86.ActiveCfg = Release|Any CPU
		{AEE3EF9C-0504-403B-B4DD-4A64554310B4}.Release|x86.Build.0 = Release|Any CPU
	EndGlobalSection
	GlobalSection(SolutionProperties) = preSolution
		HideSolutionNode = FALSE
	EndGlobalSection
	GlobalSection(ExtensibilityGlobals) = postSolution
		SolutionGuid = {4483A681-9ACA-474D-BF4F-7B5F5AEC9CCB}
	EndGlobalSection
EndGlobal
